schema: '2.0'
stages:
  train_pipeline:
    cmd: python Easy_Visa/pipeline/training_pipeline.py
    deps:
    - path: CSV_Data/EasyVisa.csv
      hash: md5
      md5: e678cc108faf42a9023c8e49677d94ef
      size: 1880839
    - path: Easy_Visa/components/data_ingestion.py
      hash: md5
      md5: c83987a0d039ccda535b2f483c967252
      size: 3205
    - path: Easy_Visa/components/data_transformation.py
      hash: md5
      md5: 1006e8d812d208ee87d37f5759b27e43
      size: 6565
    - path: Easy_Visa/components/data_validation.py
      hash: md5
      md5: 85993cc5763bbcdfc204fe466359e1b7
      size: 8798
    - path: Easy_Visa/components/model_trainer.py
      hash: md5
      md5: 4dc86339f317381a9af256f46aa21033
      size: 11908
    - path: Easy_Visa/pipeline/training_pipeline.py
      hash: md5
      md5: d29a9245a652160ea120ef5c2139eade
      size: 4800
    - path: config/schema.yaml
      hash: md5
      md5: 897b9f24cc2349dc1864f695b20272e3
      size: 1006
    outs:
    - path: artifacts/
      hash: md5
      md5: 13395ff8c069308fa598604040996f3a.dir
      size: 17648155
      nfiles: 11
  data_ingestion:
    cmd: python Easy_Visa/components/data_ingestion.py
    deps:
    - path: CSV_Data/EasyVisa.csv
      hash: md5
      md5: e678cc108faf42a9023c8e49677d94ef
      size: 1880839
    - path: Easy_Visa/components/data_ingestion.py
      hash: md5
      md5: ad8f5b2b7603528a3d0ff0e7bcf2be4b
      size: 3919
    outs:
    - path: artifacts/data_ingestion
      hash: md5
      md5: d60b36c1e9ee611441e5a940542a8088.dir
      size: 3762869
      nfiles: 3
  data_validation:
    cmd: python Easy_Visa/components/data_validation.py
    deps:
    - path: Easy_Visa/components/data_validation.py
      hash: md5
      md5: 1e56d6353c21d86bcede6f466b0d4f85
      size: 9765
    - path: artifacts/data_ingestion
      hash: md5
      md5: d60b36c1e9ee611441e5a940542a8088.dir
      size: 3762869
      nfiles: 3
    - path: config/schema.yaml
      hash: md5
      md5: 897b9f24cc2349dc1864f695b20272e3
      size: 1006
    outs:
    - path: artifacts/data_validation
      hash: md5
      md5: 50918d1c4e44e3869b8507435af605ed.dir
      size: 8139952
      nfiles: 4
  data_transformation:
    cmd: python Easy_Visa/components/data_transformation.py
    deps:
    - path: Easy_Visa/components/data_transformation.py
      hash: md5
      md5: 340e87b6080fd0e178564b75b1cfece6
      size: 8342
    - path: artifacts/data_validation
      hash: md5
      md5: 50918d1c4e44e3869b8507435af605ed.dir
      size: 8139952
      nfiles: 4
    - path: config/schema.yaml
      hash: md5
      md5: 897b9f24cc2349dc1864f695b20272e3
      size: 1006
    outs:
    - path: artifacts/data_transformation
      hash: md5
      md5: 43f8fde3daa3effb961dc4d7a3bde283.dir
      size: 6149785
      nfiles: 3
  model_trainer:
    cmd: python Easy_Visa/components/model_trainer.py
    deps:
    - path: Easy_Visa/components/model_trainer.py
      hash: md5
      md5: dad9669473485d3a5c91544954042fac
      size: 14358
    - path: artifacts/data_transformation
      hash: md5
      md5: 43f8fde3daa3effb961dc4d7a3bde283.dir
      size: 6149785
      nfiles: 3
    outs:
    - path: artifacts/model_trainer
      hash: md5
      md5: c89efe1b22c0a2a95119d20428c06738.dir
      size: 1578614
      nfiles: 3
  model_evaluation:
    cmd: python Easy_Visa/components/model_evaluation.py
    deps:
    - path: Easy_Visa/components/model_evaluation.py
      hash: md5
      md5: 5691b3be8f4fe706af9ca4f22211d900
      size: 7866
    - path: artifacts/data_ingestion
      hash: md5
      md5: d60b36c1e9ee611441e5a940542a8088.dir
      size: 3762869
      nfiles: 3
    - path: artifacts/model_trainer
      hash: md5
      md5: c89efe1b22c0a2a95119d20428c06738.dir
      size: 1578614
      nfiles: 3
    outs:
    - path: artifacts/model_evaluation
      hash: md5
      md5: 8cb16e62f8f3153b15efea232183cda9.dir
      size: 207
      nfiles: 1
  model_pusher:
    cmd: python Easy_Visa/components/model_pusher.py
    deps:
    - path: Easy_Visa/components/model_pusher.py
      hash: md5
      md5: 1353ac2a6b64d0dff0f56dfc625fa87e
      size: 5329
    - path: artifacts/model_evaluation
      hash: md5
      md5: 8cb16e62f8f3153b15efea232183cda9.dir
      size: 207
      nfiles: 1
    outs:
    - path: artifacts/model_pusher
      hash: md5
      md5: c1679b2ec1a86b105b109098619889b8.dir
      size: 1578671
      nfiles: 3
